// !$*UTF8*$!
{
	archiveVersion = 1;
	classes = {
	};
	objectVersion = 50;
	objects = {

/* Begin PBXBuildFile section */
		830E0563266D937F00E5D3BB /* detailCollege.swift in Sources */ = {isa = PBXBuildFile; fileRef = 830E0562266D937F00E5D3BB /* detailCollege.swift */; };
		8349176B266C8A060032DA7E /* collegesData.json in Resources */ = {isa = PBXBuildFile; fileRef = 8349176A266C8A060032DA7E /* collegesData.json */; };
		8349176D266C9AED0032DA7E /* College.swift in Sources */ = {isa = PBXBuildFile; fileRef = 8349176C266C9AED0032DA7E /* College.swift */; };
		8349176F266CB78F0032DA7E /* CollegeModelData.swift in Sources */ = {isa = PBXBuildFile; fileRef = 8349176E266CB78F0032DA7E /* CollegeModelData.swift */; };
		83491773266CD85C0032DA7E /* CollegeRowView.swift in Sources */ = {isa = PBXBuildFile; fileRef = 83491772266CD85C0032DA7E /* CollegeRowView.swift */; };
		83491775266CDD8B0032DA7E /* CollegesListView.swift in Sources */ = {isa = PBXBuildFile; fileRef = 83491774266CDD8B0032DA7E /* CollegesListView.swift */; };
		83F669C3266B312B00D088DF /* CollegesApp.swift in Sources */ = {isa = PBXBuildFile; fileRef = 83F669C2266B312B00D088DF /* CollegesApp.swift */; };
		83F669C5266B312B00D088DF /* CollegesView.swift in Sources */ = {isa = PBXBuildFile; fileRef = 83F669C4266B312B00D088DF /* CollegesView.swift */; };
		83F669C7266B312C00D088DF /* Assets.xcassets in Resources */ = {isa = PBXBuildFile; fileRef = 83F669C6266B312C00D088DF /* Assets.xcassets */; };
		83F669CA266B312C00D088DF /* Preview Assets.xcassets in Resources */ = {isa = PBXBuildFile; fileRef = 83F669C9266B312C00D088DF /* Preview Assets.xcassets */; };
		83F669D2266B4F3E00D088DF /* CollegeImageView.swift in Sources */ = {isa = PBXBuildFile; fileRef = 83F669D1266B4F3E00D088DF /* CollegeImageView.swift */; };
		83F669D5266B711500D088DF /* MapCollegeView.swift in Sources */ = {isa = PBXBuildFile; fileRef = 83F669D4266B711500D088DF /* MapCollegeView.swift */; };
/* End PBXBuildFile section */

/* Begin PBXFileReference section */
		830E0562266D937F00E5D3BB /* detailCollege.swift */ = {isa = PBXFileReference; lastKnownFileType = sourcecode.swift; path = detailCollege.swift; sourceTree = "<group>"; };
		8349176A266C8A060032DA7E /* collegesData.json */ = {isa = PBXFileReference; fileEncoding = 4; lastKnownFileType = text.json; path = collegesData.json; sourceTree = "<group>"; };
		8349176C266C9AED0032DA7E /* College.swift */ = {isa = PBXFileReference; lastKnownFileType = sourcecode.swift; path = College.swift; sourceTree = "<group>"; };
		8349176E266CB78F0032DA7E /* CollegeModelData.swift */ = {isa = PBXFileReference; lastKnownFileType = sourcecode.swift; path = CollegeModelData.swift; sourceTree = "<group>"; };
		83491772266CD85C0032DA7E /* CollegeRowView.swift */ = {isa = PBXFileReference; lastKnownFileType = sourcecode.swift; path = CollegeRowView.swift; sourceTree = "<group>"; };
		83491774266CDD8B0032DA7E /* CollegesListView.swift */ = {isa = PBXFileReference; lastKnownFileType = sourcecode.swift; path = CollegesListView.swift; sourceTree = "<group>"; };
		83F669BF266B312B00D088DF /* Colleges.app */ = {isa = PBXFileReference; explicitFileType = wrapper.application; includeInIndex = 0; path = Colleges.app; sourceTree = BUILT_PRODUCTS_DIR; };
		83F669C2266B312B00D088DF /* CollegesApp.swift */ = {isa = PBXFileReference; lastKnownFileType = sourcecode.swift; path = CollegesApp.swift; sourceTree = "<group>"; };
		83F669C4266B312B00D088DF /* CollegesView.swift */ = {isa = PBXFileReference; lastKnownFileType = sourcecode.swift; path = CollegesView.swift; sourceTree = "<group>"; };
		83F669C6266B312C00D088DF /* Assets.xcassets */ = {isa = PBXFileReference; lastKnownFileType = folder.assetcatalog; path = Assets.xcassets; sourceTree = "<group>"; };
		83F669C9266B312C00D088DF /* Preview Assets.xcassets */ = {isa = PBXFileReference; lastKnownFileType = folder.assetcatalog; path = "Preview Assets.xcassets"; sourceTree = "<group>"; };
		83F669CB266B312C00D088DF /* Info.plist */ = {isa = PBXFileReference; lastKnownFileType = text.plist.xml; path = Info.plist; sourceTree = "<group>"; };
		83F669D1266B4F3E00D088DF /* CollegeImageView.swift */ = {isa = PBXFileReference; lastKnownFileType = sourcecode.swift; path = CollegeImageView.swift; sourceTree = "<group>"; };
		83F669D4266B711500D088DF /* MapCollegeView.swift */ = {isa = PBXFileReference; lastKnownFileType = sourcecode.swift; path = MapCollegeView.swift; sourceTree = "<group>"; };
/* End PBXFileReference section */

/* Begin PBXFrameworksBuildPhase section */
		83F669BC266B312B00D088DF /* Frameworks */ = {
			isa = PBXFrameworksBuildPhase;
			buildActionMask = 2147483647;
			files = (
			);
			runOnlyForDeploymentPostprocessing = 0;
		};
/* End PBXFrameworksBuildPhase section */

/* Begin PBXGroup section */
		83491770266CBD930032DA7E /* Resources */ = {
			isa = PBXGroup;
			children = (
				8349176A266C8A060032DA7E /* collegesData.json */,
			);
			path = Resources;
			sourceTree = "<group>";
		};
		83491771266CBDA20032DA7E /* Model */ = {
			isa = PBXGroup;
			children = (
				8349176C266C9AED0032DA7E /* College.swift */,
				8349176E266CB78F0032DA7E /* CollegeModelData.swift */,
			);
			path = Model;
			sourceTree = "<group>";
		};
		83F669B6266B312B00D088DF = {
			isa = PBXGroup;
			children = (
				83F669C1266B312B00D088DF /* Colleges */,
				83F669C0266B312B00D088DF /* Products */,
			);
			sourceTree = "<group>";
		};
		83F669C0266B312B00D088DF /* Products */ = {
			isa = PBXGroup;
			children = (
				83F669BF266B312B00D088DF /* Colleges.app */,
			);
			name = Products;
			sourceTree = "<group>";
		};
		83F669C1266B312B00D088DF /* Colleges */ = {
			isa = PBXGroup;
			children = (
				83F669C2266B312B00D088DF /* CollegesApp.swift */,
				83491771266CBDA20032DA7E /* Model */,
				83491770266CBD930032DA7E /* Resources */,
				83F669D3266B4F5100D088DF /* View */,
				83F669C6266B312C00D088DF /* Assets.xcassets */,
				83F669CB266B312C00D088DF /* Info.plist */,
				83F669C8266B312C00D088DF /* Preview Content */,
			);
			path = Colleges;
			sourceTree = "<group>";
		};
		83F669C8266B312C00D088DF /* Preview Content */ = {
			isa = PBXGroup;
			children = (
				83F669C9266B312C00D088DF /* Preview Assets.xcassets */,
			);
			path = "Preview Content";
			sourceTree = "<group>";
		};
		83F669D3266B4F5100D088DF /* View */ = {
			isa = PBXGroup;
			children = (
				83F669C4266B312B00D088DF /* CollegesView.swift */,
				83491772266CD85C0032DA7E /* CollegeRowView.swift */,
				830E0562266D937F00E5D3BB /* detailCollege.swift */,
				83491774266CDD8B0032DA7E /* CollegesListView.swift */,
				83F669D1266B4F3E00D088DF /* CollegeImageView.swift */,
				83F669D4266B711500D088DF /* MapCollegeView.swift */,
			);
			path = View;
			sourceTree = "<group>";
		};
/* End PBXGroup section */

/* Begin PBXNativeTarget section */
		83F669BE266B312B00D088DF /* Colleges */ = {
			isa = PBXNativeTarget;
			buildConfigurationList = 83F669CE266B312C00D088DF /* Build configuration list for PBXNativeTarget "Colleges" */;
			buildPhases = (
				83F669BB266B312B00D088DF /* Sources */,
				83F669BC266B312B00D088DF /* Frameworks */,
				83F669BD266B312B00D088DF /* Resources */,
			);
			buildRules = (
			);
			dependencies = (
			);
			name = Colleges;
			productName = Colleges;
			productReference = 83F669BF266B312B00D088DF /* Colleges.app */;
			productType = "com.apple.product-type.application";
		};
/* End PBXNativeTarget section */

/* Begin PBXProject section */
		83F669B7266B312B00D088DF /* Project object */ = {
			isa = PBXProject;
			attributes = {
				LastSwiftUpdateCheck = 1250;
				LastUpgradeCheck = 1250;
				TargetAttributes = {
					83F669BE266B312B00D088DF = {
						CreatedOnToolsVersion = 12.5;
					};
				};
			};
			buildConfigurationList = 83F669BA266B312B00D088DF /* Build configuration list for PBXProject "Colleges" */;
			compatibilityVersion = "Xcode 9.3";
			developmentRegion = en;
			hasScannedForEncodings = 0;
			knownRegions = (
				en,
				Base,
			);
			mainGroup = 83F669B6266B312B00D088DF;
			productRefGroup = 83F669C0266B312B00D088DF /* Products */;
			projectDirPath = "";
			projectRoot = "";
			targets = (
				83F669BE266B312B00D088DF /* Colleges */,
			);
		};
/* End PBXProject section */

/* Begin PBXResourcesBuildPhase section */
		83F669BD266B312B00D088DF /* Resources */ = {
			isa = PBXResourcesBuildPhase;
			buildActionMask = 2147483647;
			files = (
				83F669CA266B312C00D088DF /* Preview Assets.xcassets in Resources */,
				83F669C7266B312C00D088DF /* Assets.xcassets in Resources */,
				8349176B266C8A060032DA7E /* collegesData.json in Resources */,
			);
			runOnlyForDeploymentPostprocessing = 0;
		};
/* End PBXResourcesBuildPhase section */

/* Begin PBXSourcesBuildPhase section */
		83F669BB266B312B00D088DF /* Sources */ = {
			isa = PBXSourcesBuildPhase;
			buildActionMask = 2147483647;
			files = (
				83F669D2266B4F3E00D088DF /* CollegeImageView.swift in Sources */,
				83F669C5266B312B00D088DF /* CollegesView.swift in Sources */,
				83F669C3266B312B00D088DF /* CollegesApp.swift in Sources */,
				830E0563266D937F00E5D3BB /* detailCollege.swift in Sources */,
				83F669D5266B711500D088DF /* MapCollegeView.swift in Sources */,
				8349176D266C9AED0032DA7E /* College.swift in Sources */,
				83491773266CD85C0032DA7E /* CollegeRowView.swift in Sources */,
				83491775266CDD8B0032DA7E /* CollegesListView.swift in Sources */,
				8349176F266CB78F0032DA7E /* CollegeModelData.swift in Sources */,
			);
			runOnlyForDeploymentPostprocessing = 0;
		};
/* End PBXSourcesBuildPhase section */

/* Begin XCBuildConfiguration section */
		83F669CC266B312C00D088DF /* Debug */ = {
			isa = XCBuildConfiguration;
			buildSettings = {
				ALWAYS_SEARCH_USER_PATHS = NO;
				CLANG_ANALYZER_NONNULL = YES;
				CLANG_ANALYZER_NUMBER_OBJECT_CONVERSION = YES_AGGRESSIVE;
				CLANG_CXX_LANGUAGE_STANDARD = "gnu++14";
				CLANG_CXX_LIBRARY = "libc++";
				CLANG_ENABLE_MODULES = YES;
				CLANG_ENABLE_OBJC_ARC = YES;
				CLANG_ENABLE_OBJC_WEAK = YES;
				CLANG_WARN_BLOCK_CAPTURE_AUTORELEASING = YES;
				CLANG_WARN_BOOL_CONVERSION = YES;
				CLANG_WARN_COMMA = YES;
				CLANG_WARN_CONSTANT_CONVERSION = YES;
				CLANG_WARN_DEPRECATED_OBJC_IMPLEMENTATIONS = YES;
				CLANG_WARN_DIRECT_OBJC_ISA_USAGE = YES_ERROR;
				CLANG_WARN_DOCUMENTATION_COMMENTS = YES;
				CLANG_WARN_EMPTY_BODY = YES;
				CLANG_WARN_ENUM_CONVERSION = YES;
				CLANG_WARN_INFINITE_RECURSION = YES;
				CLANG_WARN_INT_CONVERSION = YES;
				CLANG_WARN_NON_LITERAL_NULL_CONVERSION = YES;
				CLANG_WARN_OBJC_IMPLICIT_RETAIN_SELF = YES;
				CLANG_WARN_OBJC_LITERAL_CONVERSION = YES;
				CLANG_WARN_OBJC_ROOT_CLASS = YES_ERROR;
				CLANG_WARN_QUOTED_INCLUDE_IN_FRAMEWORK_HEADER = YES;
				CLANG_WARN_RANGE_LOOP_ANALYSIS = YES;
				CLANG_WARN_STRICT_PROTOTYPES = YES;
				CLANG_WARN_SUSPICIOUS_MOVE = YES;
				CLANG_WARN_UNGUARDED_AVAILABILITY = YES_AGGRESSIVE;
				CLANG_WARN_UNREACHABLE_CODE = YES;
				CLANG_WARN__DUPLICATE_METHOD_MATCH = YES;
				COPY_PHASE_STRIP = NO;
				DEBUG_INFORMATION_FORMAT = dwarf;
				ENABLE_STRICT_OBJC_MSGSEND = YES;
				ENABLE_TESTABILITY = YES;
				GCC_C_LANGUAGE_STANDARD = gnu11;
				GCC_DYNAMIC_NO_PIC = NO;
				GCC_NO_COMMON_BLOCKS = YES;
				GCC_OPTIMIZATION_LEVEL = 0;
				GCC_PREPROCESSOR_DEFINITIONS = (
					"DEBUG=1",
					"$(inherited)",
				);
				GCC_WARN_64_TO_32_BIT_CONVERSION = YES;
				GCC_WARN_ABOUT_RETURN_TYPE = YES_ERROR;
				GCC_WARN_UNDECLARED_SELECTOR = YES;
				GCC_WARN_UNINITIALIZED_AUTOS = YES_AGGRESSIVE;
				GCC_WARN_UNUSED_FUNCTION = YES;
				GCC_WARN_UNUSED_VARIABLE = YES;
				IPHONEOS_DEPLOYMENT_TARGET = 14.5;
				MTL_ENABLE_DEBUG_INFO = INCLUDE_SOURCE;
				MTL_FAST_MATH = YES;
				ONLY_ACTIVE_ARCH = YES;
				SDKROOT = iphoneos;
				SWIFT_ACTIVE_COMPILATION_CONDITIONS = DEBUG;
				SWIFT_OPTIMIZATION_LEVEL = "-Onone";
			};
			name = Debug;
		};
		83F669CD266B312C00D088DF /* Release */ = {
			isa = XCBuildConfiguration;
			buildSettings = {
				ALWAYS_SEARCH_USER_PATHS = NO;
				CLANG_ANALYZER_NONNULL = YES;
				CLANG_ANALYZER_NUMBER_OBJECT_CONVERSION = YES_AGGRESSIVE;
				CLANG_CXX_LANGUAGE_STANDARD = "gnu++14";
				CLANG_CXX_LIBRARY = "libc++";
				CLANG_ENABLE_MODULES = YES;
				CLANG_ENABLE_OBJC_ARC = YES;
				CLANG_ENABLE_OBJC_WEAK = YES;
				CLANG_WARN_BLOCK_CAPTURE_AUTORELEASING = YES;
				CLANG_WARN_BOOL_CONVERSION = YES;
				CLANG_WARN_COMMA = YES;
				CLANG_WARN_CONSTANT_CONVERSION = YES;
				CLANG_WARN_DEPRECATED_OBJC_IMPLEMENTATIONS = YES;
				CLANG_WARN_DIRECT_OBJC_ISA_USAGE = YES_ERROR;
				CLANG_WARN_DOCUMENTATION_COMMENTS = YES;
				CLANG_WARN_EMPTY_BODY = YES;
				CLANG_WARN_ENUM_CONVERSION = YES;
				CLANG_WARN_INFINITE_RECURSION = YES;
				CLANG_WARN_INT_CONVERSION = YES;
				CLANG_WARN_NON_LITERAL_NULL_CONVERSION = YES;
				CLANG_WARN_OBJC_IMPLICIT_RETAIN_SELF = YES;
				CLANG_WARN_OBJC_LITERAL_CONVERSION = YES;
				CLANG_WARN_OBJC_ROOT_CLASS = YES_ERROR;
				CLANG_WARN_QUOTED_INCLUDE_IN_FRAMEWORK_HEADER = YES;
				CLANG_WARN_RANGE_LOOP_ANALYSIS = YES;
				CLANG_WARN_STRICT_PROTOTYPES = YES;
				CLANG_WARN_SUSPICIOUS_MOVE = YES;
				CLANG_WARN_UNGUARDED_AVAILABILITY = YES_AGGRESSIVE;
				CLANG_WARN_UNREACHABLE_CODE = YES;
				CLANG_WARN__DUPLICATE_METHOD_MATCH = YES;
				COPY_PHASE_STRIP = NO;
				DEBUG_INFORMATION_FORMAT = "dwarf-with-dsym";
				ENABLE_NS_ASSERTIONS = NO;
				ENABLE_STRICT_OBJC_MSGSEND = YES;
				GCC_C_LANGUAGE_STANDARD = gnu11;
				GCC_NO_COMMON_BLOCKS = YES;
				GCC_WARN_64_TO_32_BIT_CONVERSION = YES;
				GCC_WARN_ABOUT_RETURN_TYPE = YES_ERROR;
				GCC_WARN_UNDECLARED_SELECTOR = YES;
				GCC_WARN_UNINITIALIZED_AUTOS = YES_AGGRESSIVE;
				GCC_WARN_UNUSED_FUNCTION = YES;
				GCC_WARN_UNUSED_VARIABLE = YES;
				IPHONEOS_DEPLOYMENT_TARGET = 14.5;
				MTL_ENABLE_DEBUG_INFO = NO;
				MTL_FAST_MATH = YES;
				SDKROOT = iphoneos;
				SWIFT_COMPILATION_MODE = wholemodule;
				SWIFT_OPTIMIZATION_LEVEL = "-O";
				VALIDATE_PRODUCT = YES;
			};
			name = Release;
		};
		83F669CF266B312C00D088DF /* Debug */ = {
			isa = XCBuildConfiguration;
			buildSettings = {
				ASSETCATALOG_COMPILER_APPICON_NAME = AppIcon;
				ASSETCATALOG_COMPILER_GLOBAL_ACCENT_COLOR_NAME = AccentColor;
				CODE_SIGN_STYLE = Automatic;
				DEVELOPMENT_ASSET_PATHS = "\"Colleges/Preview Content\"";
				DEVELOPMENT_TEAM = GXYFDB3YV6;
				ENABLE_PREVIEWS = YES;
				INFOPLIST_FILE = Colleges/Info.plist;
				IPHONEOS_DEPLOYMENT_TARGET = 14.0;
				LD_RUNPATH_SEARCH_PATHS = (
					"$(inherited)",
					"@executable_path/Frameworks",
				);
				PRODUCT_BUNDLE_IDENTIFIER = "com.Sachin-Kashyap.Colleges";
				PRODUCT_NAME = "$(TARGET_NAME)";
				SWIFT_VERSION = 5.0;
				TARGETED_DEVICE_FAMILY = "1,2";
			};
			name = Debug;
		};
		83F669D0266B312C00D088DF /* Release */ = {
			isa = XCBuildConfiguration;
			buildSettings = {
				ASSETCATALOG_COMPILER_APPICON_NAME = AppIcon;
				ASSETCATALOG_COMPILER_GLOBAL_ACCENT_COLOR_NAME = AccentColor;
				CODE_SIGN_STYLE = Automatic;
				DEVELOPMENT_ASSET_PATHS = "\"Colleges/Preview Content\"";
				DEVELOPMENT_TEAM = GXYFDB3YV6;
				ENABLE_PREVIEWS = YES;
				INFOPLIST_FILE = Colleges/Info.plist;
				IPHONEOS_DEPLOYMENT_TARGET = 14.0;
				LD_RUNPATH_SEARCH_PATHS = (
					"$(inherited)",
					"@executable_path/Frameworks",
				);
				PRODUCT_BUNDLE_IDENTIFIER = "com.Sachin-Kashyap.Colleges";
				PRODUCT_NAME = "$(TARGET_NAME)";
				SWIFT_VERSION = 5.0;
				TARGETED_DEVICE_FAMILY = "1,2";
			};
			name = Release;
		};
/* End XCBuildConfiguration section */

/* Begin XCConfigurationList section */
		83F669BA266B312B00D088DF /* Build configuration list for PBXProject "Colleges" */ = {
			isa = XCConfigurationList;
			buildConfigurations = (
				83F669CC266B312C00D088DF /* Debug */,
				83F669CD266B312C00D088DF /* Release */,
			);
			defaultConfigurationIsVisible = 0;
			defaultConfigurationName = Release;
		};
		83F669CE266B312C00D088DF /* Build configuration list for PBXNativeTarget "Colleges" */ = {
			isa = XCConfigurationList;
			buildConfigurations = (
				83F669CF266B312C00D088DF /* Debug */,
				83F669D0266B312C00D088DF /* Release */,
			);
			defaultConfigurationIsVisible = 0;
			defaultConfigurationName = Release;
		};
/* End XCConfigurationList section */
	};
	rootObject = 83F669B7266B312B00D088DF /* Project object */;
}
